// !$*UTF8*$!
{
	archiveVersion = 1;
	classes = {
	};
	objectVersion = 46;
	objects = {

/* Begin PBXBuildFile section */
		223B692A1CF76E7E002A6389 /* Person.swift in Sources */ = {isa = PBXBuildFile; fileRef = 223B69291CF76E7E002A6389 /* Person.swift */; };
		223B692C1CF7760B002A6389 /* TableViewController.swift in Sources */ = {isa = PBXBuildFile; fileRef = 223B692B1CF7760B002A6389 /* TableViewController.swift */; };
		223B692E1CF77613002A6389 /* OutlineViewController.swift in Sources */ = {isa = PBXBuildFile; fileRef = 223B692D1CF77613002A6389 /* OutlineViewController.swift */; };
		22DC48C51CF64E4100D366DD /* AppDelegate.swift in Sources */ = {isa = PBXBuildFile; fileRef = 22DC48C41CF64E4100D366DD /* AppDelegate.swift */; };
		22DC48C71CF64E4100D366DD /* ViewController.swift in Sources */ = {isa = PBXBuildFile; fileRef = 22DC48C61CF64E4100D366DD /* ViewController.swift */; };
		22DC48C91CF64E4100D366DD /* Assets.xcassets in Resources */ = {isa = PBXBuildFile; fileRef = 22DC48C81CF64E4100D366DD /* Assets.xcassets */; };
		22DC48CC1CF64E4100D366DD /* Main.storyboard in Resources */ = {isa = PBXBuildFile; fileRef = 22DC48CA1CF64E4100D366DD /* Main.storyboard */; };
		22DC48D71CF64E4100D366DD /* PrimarySourceExample_OSXTests.swift in Sources */ = {isa = PBXBuildFile; fileRef = 22DC48D61CF64E4100D366DD /* PrimarySourceExample_OSXTests.swift */; };
		22DC48E21CF64E7600D366DD /* Podfile in Resources */ = {isa = PBXBuildFile; fileRef = 22DC48E11CF64E7600D366DD /* Podfile */; };
		2CBBB85D0E49A31D00D1B57D /* Pods_PrimarySourceExample_OSXTests.framework in Frameworks */ = {isa = PBXBuildFile; fileRef = 12B4DA82372D019EF1B7E88D /* Pods_PrimarySourceExample_OSXTests.framework */; };
		7E8FB00C857CFEF84B80C164 /* Pods_PrimarySourceExample_OSX.framework in Frameworks */ = {isa = PBXBuildFile; fileRef = BB13D2E70CD607AAFEAAF44E /* Pods_PrimarySourceExample_OSX.framework */; };
/* End PBXBuildFile section */

/* Begin PBXContainerItemProxy section */
		22DC48D31CF64E4100D366DD /* PBXContainerItemProxy */ = {
			isa = PBXContainerItemProxy;
			containerPortal = 22DC48B91CF64E4100D366DD /* Project object */;
			proxyType = 1;
			remoteGlobalIDString = 22DC48C01CF64E4100D366DD;
			remoteInfo = "PrimarySourceExample-OSX";
		};
/* End PBXContainerItemProxy section */

/* Begin PBXFileReference section */
		12B4DA82372D019EF1B7E88D /* Pods_PrimarySourceExample_OSXTests.framework */ = {isa = PBXFileReference; explicitFileType = wrapper.framework; includeInIndex = 0; path = Pods_PrimarySourceExample_OSXTests.framework; sourceTree = BUILT_PRODUCTS_DIR; };
		223B69291CF76E7E002A6389 /* Person.swift */ = {isa = PBXFileReference; fileEncoding = 4; lastKnownFileType = sourcecode.swift; path = Person.swift; sourceTree = "<group>"; };
		223B692B1CF7760B002A6389 /* TableViewController.swift */ = {isa = PBXFileReference; fileEncoding = 4; lastKnownFileType = sourcecode.swift; path = TableViewController.swift; sourceTree = "<group>"; };
		223B692D1CF77613002A6389 /* OutlineViewController.swift */ = {isa = PBXFileReference; fileEncoding = 4; lastKnownFileType = sourcecode.swift; path = OutlineViewController.swift; sourceTree = "<group>"; };
		22DC48C11CF64E4100D366DD /* PrimarySourceExample-OSX.app */ = {isa = PBXFileReference; explicitFileType = wrapper.application; includeInIndex = 0; path = "PrimarySourceExample-OSX.app"; sourceTree = BUILT_PRODUCTS_DIR; };
		22DC48C41CF64E4100D366DD /* AppDelegate.swift */ = {isa = PBXFileReference; lastKnownFileType = sourcecode.swift; path = AppDelegate.swift; sourceTree = "<group>"; };
		22DC48C61CF64E4100D366DD /* ViewController.swift */ = {isa = PBXFileReference; lastKnownFileType = sourcecode.swift; path = ViewController.swift; sourceTree = "<group>"; };
		22DC48C81CF64E4100D366DD /* Assets.xcassets */ = {isa = PBXFileReference; lastKnownFileType = folder.assetcatalog; path = Assets.xcassets; sourceTree = "<group>"; };
		22DC48CB1CF64E4100D366DD /* Base */ = {isa = PBXFileReference; lastKnownFileType = file.storyboard; name = Base; path = Base.lproj/Main.storyboard; sourceTree = "<group>"; };
		22DC48CD1CF64E4100D366DD /* Info.plist */ = {isa = PBXFileReference; lastKnownFileType = text.plist.xml; path = Info.plist; sourceTree = "<group>"; };
		22DC48D21CF64E4100D366DD /* PrimarySourceExample-OSXTests.xctest */ = {isa = PBXFileReference; explicitFileType = wrapper.cfbundle; includeInIndex = 0; path = "PrimarySourceExample-OSXTests.xctest"; sourceTree = BUILT_PRODUCTS_DIR; };
		22DC48D61CF64E4100D366DD /* PrimarySourceExample_OSXTests.swift */ = {isa = PBXFileReference; lastKnownFileType = sourcecode.swift; path = PrimarySourceExample_OSXTests.swift; sourceTree = "<group>"; };
		22DC48D81CF64E4100D366DD /* Info.plist */ = {isa = PBXFileReference; lastKnownFileType = text.plist.xml; path = Info.plist; sourceTree = "<group>"; };
		22DC48E11CF64E7600D366DD /* Podfile */ = {isa = PBXFileReference; fileEncoding = 4; lastKnownFileType = text; path = Podfile; sourceTree = "<group>"; xcLanguageSpecificationIdentifier = xcode.lang.ruby; };
		2BDAA792F02D6B5ADE208B51 /* Pods-PrimarySourceExample-OSX.debug.xcconfig */ = {isa = PBXFileReference; includeInIndex = 1; lastKnownFileType = text.xcconfig; name = "Pods-PrimarySourceExample-OSX.debug.xcconfig"; path = "Pods/Target Support Files/Pods-PrimarySourceExample-OSX/Pods-PrimarySourceExample-OSX.debug.xcconfig"; sourceTree = "<group>"; };
		50423A2626FEC2CCA7428BEB /* Pods-PrimarySourceExample-OSXTests.release.xcconfig */ = {isa = PBXFileReference; includeInIndex = 1; lastKnownFileType = text.xcconfig; name = "Pods-PrimarySourceExample-OSXTests.release.xcconfig"; path = "Pods/Target Support Files/Pods-PrimarySourceExample-OSXTests/Pods-PrimarySourceExample-OSXTests.release.xcconfig"; sourceTree = "<group>"; };
		5BED1C72CA839A6E4EC4968A /* Pods-PrimarySourceExample-OSX.release.xcconfig */ = {isa = PBXFileReference; includeInIndex = 1; lastKnownFileType = text.xcconfig; name = "Pods-PrimarySourceExample-OSX.release.xcconfig"; path = "Pods/Target Support Files/Pods-PrimarySourceExample-OSX/Pods-PrimarySourceExample-OSX.release.xcconfig"; sourceTree = "<group>"; };
		BB13D2E70CD607AAFEAAF44E /* Pods_PrimarySourceExample_OSX.framework */ = {isa = PBXFileReference; explicitFileType = wrapper.framework; includeInIndex = 0; path = Pods_PrimarySourceExample_OSX.framework; sourceTree = BUILT_PRODUCTS_DIR; };
		FC422C52CE1C2242FEBAD43C /* Pods-PrimarySourceExample-OSXTests.debug.xcconfig */ = {isa = PBXFileReference; includeInIndex = 1; lastKnownFileType = text.xcconfig; name = "Pods-PrimarySourceExample-OSXTests.debug.xcconfig"; path = "Pods/Target Support Files/Pods-PrimarySourceExample-OSXTests/Pods-PrimarySourceExample-OSXTests.debug.xcconfig"; sourceTree = "<group>"; };
/* End PBXFileReference section */

/* Begin PBXFrameworksBuildPhase section */
		22DC48BE1CF64E4100D366DD /* Frameworks */ = {
			isa = PBXFrameworksBuildPhase;
			buildActionMask = 2147483647;
			files = (
				7E8FB00C857CFEF84B80C164 /* Pods_PrimarySourceExample_OSX.framework in Frameworks */,
			);
			runOnlyForDeploymentPostprocessing = 0;
		};
		22DC48CF1CF64E4100D366DD /* Frameworks */ = {
			isa = PBXFrameworksBuildPhase;
			buildActionMask = 2147483647;
			files = (
				2CBBB85D0E49A31D00D1B57D /* Pods_PrimarySourceExample_OSXTests.framework in Frameworks */,
			);
			runOnlyForDeploymentPostprocessing = 0;
		};
/* End PBXFrameworksBuildPhase section */

/* Begin PBXGroup section */
		223B692F1CF776E7002A6389 /* controllers */ = {
			isa = PBXGroup;
			children = (
				22DC48C61CF64E4100D366DD /* ViewController.swift */,
				223B692B1CF7760B002A6389 /* TableViewController.swift */,
				223B692D1CF77613002A6389 /* OutlineViewController.swift */,
			);
			name = controllers;
			sourceTree = "<group>";
		};
		22DC48B81CF64E4100D366DD = {
			isa = PBXGroup;
			children = (
				22DC48E11CF64E7600D366DD /* Podfile */,
				22DC48C31CF64E4100D366DD /* PrimarySourceExample-OSX */,
				22DC48D51CF64E4100D366DD /* PrimarySourceExample-OSXTests */,
				22DC48C21CF64E4100D366DD /* Products */,
				415EE28047226C4CB99DE069 /* Pods */,
				BF2D181A1AA7639288C36498 /* Frameworks */,
			);
			sourceTree = "<group>";
		};
		22DC48C21CF64E4100D366DD /* Products */ = {
			isa = PBXGroup;
			children = (
				22DC48C11CF64E4100D366DD /* PrimarySourceExample-OSX.app */,
				22DC48D21CF64E4100D366DD /* PrimarySourceExample-OSXTests.xctest */,
			);
			name = Products;
			sourceTree = "<group>";
		};
		22DC48C31CF64E4100D366DD /* PrimarySourceExample-OSX */ = {
			isa = PBXGroup;
			children = (
				22DC48C41CF64E4100D366DD /* AppDelegate.swift */,
				223B692F1CF776E7002A6389 /* controllers */,
				22DC48C81CF64E4100D366DD /* Assets.xcassets */,
				22DC48CA1CF64E4100D366DD /* Main.storyboard */,
				22DC48CD1CF64E4100D366DD /* Info.plist */,
				223B69291CF76E7E002A6389 /* Person.swift */,
			);
			path = "PrimarySourceExample-OSX";
			sourceTree = "<group>";
		};
		22DC48D51CF64E4100D366DD /* PrimarySourceExample-OSXTests */ = {
			isa = PBXGroup;
			children = (
				22DC48D61CF64E4100D366DD /* PrimarySourceExample_OSXTests.swift */,
				22DC48D81CF64E4100D366DD /* Info.plist */,
			);
			path = "PrimarySourceExample-OSXTests";
			sourceTree = "<group>";
		};
		415EE28047226C4CB99DE069 /* Pods */ = {
			isa = PBXGroup;
			children = (
				2BDAA792F02D6B5ADE208B51 /* Pods-PrimarySourceExample-OSX.debug.xcconfig */,
				5BED1C72CA839A6E4EC4968A /* Pods-PrimarySourceExample-OSX.release.xcconfig */,
				FC422C52CE1C2242FEBAD43C /* Pods-PrimarySourceExample-OSXTests.debug.xcconfig */,
				50423A2626FEC2CCA7428BEB /* Pods-PrimarySourceExample-OSXTests.release.xcconfig */,
			);
			name = Pods;
			sourceTree = "<group>";
		};
		BF2D181A1AA7639288C36498 /* Frameworks */ = {
			isa = PBXGroup;
			children = (
				BB13D2E70CD607AAFEAAF44E /* Pods_PrimarySourceExample_OSX.framework */,
				12B4DA82372D019EF1B7E88D /* Pods_PrimarySourceExample_OSXTests.framework */,
			);
			name = Frameworks;
			sourceTree = "<group>";
		};
/* End PBXGroup section */

/* Begin PBXNativeTarget section */
		22DC48C01CF64E4100D366DD /* PrimarySourceExample-OSX */ = {
			isa = PBXNativeTarget;
			buildConfigurationList = 22DC48DB1CF64E4100D366DD /* Build configuration list for PBXNativeTarget "PrimarySourceExample-OSX" */;
			buildPhases = (
				134ABAE38DD5DEB10ED00D48 /* [CP] Check Pods Manifest.lock */,
				22DC48BD1CF64E4100D366DD /* Sources */,
				22DC48BE1CF64E4100D366DD /* Frameworks */,
				22DC48BF1CF64E4100D366DD /* Resources */,
				EB328E89A66E3829AF70211A /* [CP] Embed Pods Frameworks */,
				721E457940DBB292B1AEFAF2 /* [CP] Copy Pods Resources */,
			);
			buildRules = (
			);
			dependencies = (
			);
			name = "PrimarySourceExample-OSX";
			productName = "PrimarySourceExample-OSX";
			productReference = 22DC48C11CF64E4100D366DD /* PrimarySourceExample-OSX.app */;
			productType = "com.apple.product-type.application";
		};
		22DC48D11CF64E4100D366DD /* PrimarySourceExample-OSXTests */ = {
			isa = PBXNativeTarget;
			buildConfigurationList = 22DC48DE1CF64E4100D366DD /* Build configuration list for PBXNativeTarget "PrimarySourceExample-OSXTests" */;
			buildPhases = (
				0E60F37D2DEA612374F86ECE /* [CP] Check Pods Manifest.lock */,
				22DC48CE1CF64E4100D366DD /* Sources */,
				22DC48CF1CF64E4100D366DD /* Frameworks */,
				22DC48D01CF64E4100D366DD /* Resources */,
				C3E0A0C5B15E7B79AF9FE863 /* [CP] Embed Pods Frameworks */,
				508EE7C2B9CEFEB3A2EF1696 /* [CP] Copy Pods Resources */,
			);
			buildRules = (
			);
			dependencies = (
				22DC48D41CF64E4100D366DD /* PBXTargetDependency */,
			);
			name = "PrimarySourceExample-OSXTests";
			productName = "PrimarySourceExample-OSXTests";
			productReference = 22DC48D21CF64E4100D366DD /* PrimarySourceExample-OSXTests.xctest */;
			productType = "com.apple.product-type.bundle.unit-test";
		};
/* End PBXNativeTarget section */

/* Begin PBXProject section */
		22DC48B91CF64E4100D366DD /* Project object */ = {
			isa = PBXProject;
			attributes = {
				LastSwiftUpdateCheck = 0730;
				LastUpgradeCheck = 0730;
				ORGANIZATIONNAME = "Sam Williams";
				TargetAttributes = {
					22DC48C01CF64E4100D366DD = {
						CreatedOnToolsVersion = 7.3;
					};
					22DC48D11CF64E4100D366DD = {
						CreatedOnToolsVersion = 7.3;
						TestTargetID = 22DC48C01CF64E4100D366DD;
					};
				};
			};
			buildConfigurationList = 22DC48BC1CF64E4100D366DD /* Build configuration list for PBXProject "PrimarySourceExample-OSX" */;
			compatibilityVersion = "Xcode 3.2";
			developmentRegion = English;
			hasScannedForEncodings = 0;
			knownRegions = (
				en,
				Base,
			);
			mainGroup = 22DC48B81CF64E4100D366DD;
			productRefGroup = 22DC48C21CF64E4100D366DD /* Products */;
			projectDirPath = "";
			projectRoot = "";
			targets = (
				22DC48C01CF64E4100D366DD /* PrimarySourceExample-OSX */,
				22DC48D11CF64E4100D366DD /* PrimarySourceExample-OSXTests */,
			);
		};
/* End PBXProject section */

/* Begin PBXResourcesBuildPhase section */
		22DC48BF1CF64E4100D366DD /* Resources */ = {
			isa = PBXResourcesBuildPhase;
			buildActionMask = 2147483647;
			files = (
				22DC48E21CF64E7600D366DD /* Podfile in Resources */,
				22DC48C91CF64E4100D366DD /* Assets.xcassets in Resources */,
				22DC48CC1CF64E4100D366DD /* Main.storyboard in Resources */,
			);
			runOnlyForDeploymentPostprocessing = 0;
		};
		22DC48D01CF64E4100D366DD /* Resources */ = {
			isa = PBXResourcesBuildPhase;
			buildActionMask = 2147483647;
			files = (
			);
			runOnlyForDeploymentPostprocessing = 0;
		};
/* End PBXResourcesBuildPhase section */

/* Begin PBXShellScriptBuildPhase section */
		0E60F37D2DEA612374F86ECE /* [CP] Check Pods Manifest.lock */ = {
			isa = PBXShellScriptBuildPhase;
			buildActionMask = 2147483647;
			files = (
			);
			inputPaths = (
			);
			name = "[CP] Check Pods Manifest.lock";
			outputPaths = (
			);
			runOnlyForDeploymentPostprocessing = 0;
			shellPath = /bin/sh;
			shellScript = "diff \"${PODS_ROOT}/../Podfile.lock\" \"${PODS_ROOT}/Manifest.lock\" > /dev/null\nif [ $? != 0 ] ; then\n    # print error to STDERR\n    echo \"error: The sandbox is not in sync with the Podfile.lock. Run 'pod install' or update your CocoaPods installation.\" >&2\n    exit 1\nfi\n";
			showEnvVarsInLog = 0;
		};
		134ABAE38DD5DEB10ED00D48 /* [CP] Check Pods Manifest.lock */ = {
			isa = PBXShellScriptBuildPhase;
			buildActionMask = 2147483647;
			files = (
			);
			inputPaths = (
			);
			name = "[CP] Check Pods Manifest.lock";
			outputPaths = (
			);
			runOnlyForDeploymentPostprocessing = 0;
			shellPath = /bin/sh;
			shellScript = "diff \"${PODS_ROOT}/../Podfile.lock\" \"${PODS_ROOT}/Manifest.lock\" > /dev/null\nif [ $? != 0 ] ; then\n    # print error to STDERR\n    echo \"error: The sandbox is not in sync with the Podfile.lock. Run 'pod install' or update your CocoaPods installation.\" >&2\n    exit 1\nfi\n";
			showEnvVarsInLog = 0;
		};
		508EE7C2B9CEFEB3A2EF1696 /* [CP] Copy Pods Resources */ = {
			isa = PBXShellScriptBuildPhase;
			buildActionMask = 2147483647;
			files = (
			);
			inputPaths = (
			);
			name = "[CP] Copy Pods Resources";
			outputPaths = (
			);
			runOnlyForDeploymentPostprocessing = 0;
			shellPath = /bin/sh;
			shellScript = "\"${SRCROOT}/Pods/Target Support Files/Pods-PrimarySourceExample-OSXTests/Pods-PrimarySourceExample-OSXTests-resources.sh\"\n";
			showEnvVarsInLog = 0;
		};
		721E457940DBB292B1AEFAF2 /* [CP] Copy Pods Resources */ = {
			isa = PBXShellScriptBuildPhase;
			buildActionMask = 2147483647;
			files = (
			);
			inputPaths = (
			);
			name = "[CP] Copy Pods Resources";
			outputPaths = (
			);
			runOnlyForDeploymentPostprocessing = 0;
			shellPath = /bin/sh;
			shellScript = "\"${SRCROOT}/Pods/Target Support Files/Pods-PrimarySourceExample-OSX/Pods-PrimarySourceExample-OSX-resources.sh\"\n";
			showEnvVarsInLog = 0;
		};
		C3E0A0C5B15E7B79AF9FE863 /* [CP] Embed Pods Frameworks */ = {
			isa = PBXShellScriptBuildPhase;
			buildActionMask = 2147483647;
			files = (
			);
			inputPaths = (
			);
			name = "[CP] Embed Pods Frameworks";
			outputPaths = (
			);
			runOnlyForDeploymentPostprocessing = 0;
			shellPath = /bin/sh;
			shellScript = "\"${SRCROOT}/Pods/Target Support Files/Pods-PrimarySourceExample-OSXTests/Pods-PrimarySourceExample-OSXTests-frameworks.sh\"\n";
			showEnvVarsInLog = 0;
		};
		EB328E89A66E3829AF70211A /* [CP] Embed Pods Frameworks */ = {
			isa = PBXShellScriptBuildPhase;
			buildActionMask = 2147483647;
			files = (
			);
			inputPaths = (
			);
			name = "[CP] Embed Pods Frameworks";
			outputPaths = (
			);
			runOnlyForDeploymentPostprocessing = 0;
			shellPath = /bin/sh;
			shellScript = "\"${SRCROOT}/Pods/Target Support Files/Pods-PrimarySourceExample-OSX/Pods-PrimarySourceExample-OSX-frameworks.sh\"\n";
			showEnvVarsInLog = 0;
		};
/* End PBXShellScriptBuildPhase section */

/* Begin PBXSourcesBuildPhase section */
		22DC48BD1CF64E4100D366DD /* Sources */ = {
			isa = PBXSourcesBuildPhase;
			buildActionMask = 2147483647;
			files = (
				223B692A1CF76E7E002A6389 /* Person.swift in Sources */,
				22DC48C71CF64E4100D366DD /* ViewController.swift in Sources */,
				22DC48C51CF64E4100D366DD /* AppDelegate.swift in Sources */,
				223B692E1CF77613002A6389 /* OutlineViewController.swift in Sources */,
				223B692C1CF7760B002A6389 /* TableViewController.swift in Sources */,
			);
			runOnlyForDeploymentPostprocessing = 0;
		};
		22DC48CE1CF64E4100D366DD /* Sources */ = {
			isa = PBXSourcesBuildPhase;
			buildActionMask = 2147483647;
			files = (
				22DC48D71CF64E4100D366DD /* PrimarySourceExample_OSXTests.swift in Sources */,
			);
			runOnlyForDeploymentPostprocessing = 0;
		};
/* End PBXSourcesBuildPhase section */

/* Begin PBXTargetDependency section */
		22DC48D41CF64E4100D366DD /* PBXTargetDependency */ = {
			isa = PBXTargetDependency;
			target = 22DC48C01CF64E4100D366DD /* PrimarySourceExample-OSX */;
			targetProxy = 22DC48D31CF64E4100D366DD /* PBXContainerItemProxy */;
		};
/* End PBXTargetDependency section */

/* Begin PBXVariantGroup section */
		22DC48CA1CF64E4100D366DD /* Main.storyboard */ = {
			isa = PBXVariantGroup;
			children = (
				22DC48CB1CF64E4100D366DD /* Base */,
			);
			name = Main.storyboard;
			sourceTree = "<group>";
		};
/* End PBXVariantGroup section */

/* Begin XCBuildConfiguration section */
		22DC48D91CF64E4100D366DD /* Debug */ = {
			isa = XCBuildConfiguration;
			buildSettings = {
				ALWAYS_SEARCH_USER_PATHS = NO;
				CLANG_ANALYZER_NONNULL = YES;
				CLANG_CXX_LANGUAGE_STANDARD = "gnu++0x";
				CLANG_CXX_LIBRARY = "libc++";
				CLANG_ENABLE_MODULES = YES;
				CLANG_ENABLE_OBJC_ARC = YES;
				CLANG_WARN_BOOL_CONVERSION = YES;
				CLANG_WARN_CONSTANT_CONVERSION = YES;
				CLANG_WARN_DIRECT_OBJC_ISA_USAGE = YES_ERROR;
				CLANG_WARN_EMPTY_BODY = YES;
				CLANG_WARN_ENUM_CONVERSION = YES;
				CLANG_WARN_INT_CONVERSION = YES;
				CLANG_WARN_OBJC_ROOT_CLASS = YES_ERROR;
				CLANG_WARN_UNREACHABLE_CODE = YES;
				CLANG_WARN__DUPLICATE_METHOD_MATCH = YES;
				CODE_SIGN_IDENTITY = "-";
				COPY_PHASE_STRIP = NO;
				DEBUG_INFORMATION_FORMAT = dwarf;
				ENABLE_STRICT_OBJC_MSGSEND = YES;
				ENABLE_TESTABILITY = YES;
				GCC_C_LANGUAGE_STANDARD = gnu99;
				GCC_DYNAMIC_NO_PIC = NO;
				GCC_NO_COMMON_BLOCKS = YES;
				GCC_OPTIMIZATION_LEVEL = 0;
				GCC_PREPROCESSOR_DEFINITIONS = (
					"DEBUG=1",
					"$(inherited)",
				);
				GCC_WARN_64_TO_32_BIT_CONVERSION = YES;
				GCC_WARN_ABOUT_RETURN_TYPE = YES_ERROR;
				GCC_WARN_UNDECLARED_SELECTOR = YES;
				GCC_WARN_UNINITIALIZED_AUTOS = YES_AGGRESSIVE;
				GCC_WARN_UNUSED_FUNCTION = YES;
				GCC_WARN_UNUSED_VARIABLE = YES;
				MACOSX_DEPLOYMENT_TARGET = 10.11;
				MTL_ENABLE_DEBUG_INFO = YES;
				ONLY_ACTIVE_ARCH = YES;
				SDKROOT = macosx;
				SWIFT_OPTIMIZATION_LEVEL = "-Onone";
				SWIFT_VERSION = 2.3;
			};
			name = Debug;
		};
		22DC48DA1CF64E4100D366DD /* Release */ = {
			isa = XCBuildConfiguration;
			buildSettings = {
				ALWAYS_SEARCH_USER_PATHS = NO;
				CLANG_ANALYZER_NONNULL = YES;
				CLANG_CXX_LANGUAGE_STANDARD = "gnu++0x";
				CLANG_CXX_LIBRARY = "libc++";
				CLANG_ENABLE_MODULES = YES;
				CLANG_ENABLE_OBJC_ARC = YES;
				CLANG_WARN_BOOL_CONVERSION = YES;
				CLANG_WARN_CONSTANT_CONVERSION = YES;
				CLANG_WARN_DIRECT_OBJC_ISA_USAGE = YES_ERROR;
				CLANG_WARN_EMPTY_BODY = YES;
				CLANG_WARN_ENUM_CONVERSION = YES;
				CLANG_WARN_INT_CONVERSION = YES;
				CLANG_WARN_OBJC_ROOT_CLASS = YES_ERROR;
				CLANG_WARN_UNREACHABLE_CODE = YES;
				CLANG_WARN__DUPLICATE_METHOD_MATCH = YES;
				CODE_SIGN_IDENTITY = "-";
				COPY_PHASE_STRIP = NO;
				DEBUG_INFORMATION_FORMAT = "dwarf-with-dsym";
				ENABLE_NS_ASSERTIONS = NO;
				ENABLE_STRICT_OBJC_MSGSEND = YES;
				GCC_C_LANGUAGE_STANDARD = gnu99;
				GCC_NO_COMMON_BLOCKS = YES;
				GCC_WARN_64_TO_32_BIT_CONVERSION = YES;
				GCC_WARN_ABOUT_RETURN_TYPE = YES_ERROR;
				GCC_WARN_UNDECLARED_SELECTOR = YES;
				GCC_WARN_UNINITIALIZED_AUTOS = YES_AGGRESSIVE;
				GCC_WARN_UNUSED_FUNCTION = YES;
				GCC_WARN_UNUSED_VARIABLE = YES;
				MACOSX_DEPLOYMENT_TARGET = 10.11;
				MTL_ENABLE_DEBUG_INFO = NO;
				SDKROOT = macosx;
				SWIFT_VERSION = 2.3;
			};
			name = Release;
		};
		22DC48DC1CF64E4100D366DD /* Debug */ = {
			isa = XCBuildConfiguration;
			baseConfigurationReference = 2BDAA792F02D6B5ADE208B51 /* Pods-PrimarySourceExample-OSX.debug.xcconfig */;
			buildSettings = {
				ASSETCATALOG_COMPILER_APPICON_NAME = AppIcon;
				COMBINE_HIDPI_IMAGES = YES;
				INFOPLIST_FILE = "PrimarySourceExample-OSX/Info.plist";
				LD_RUNPATH_SEARCH_PATHS = "$(inherited) @executable_path/../Frameworks";
				PRODUCT_BUNDLE_IDENTIFIER = "samwilliams.PrimarySourceExample-OSX";
				PRODUCT_NAME = "$(TARGET_NAME)";
			};
			name = Debug;
		};
		22DC48DD1CF64E4100D366DD /* Release */ = {
			isa = XCBuildConfiguration;
			baseConfigurationReference = 5BED1C72CA839A6E4EC4968A /* Pods-PrimarySourceExample-OSX.release.xcconfig */;
			buildSettings = {
				ASSETCATALOG_COMPILER_APPICON_NAME = AppIcon;
				COMBINE_HIDPI_IMAGES = YES;
				INFOPLIST_FILE = "PrimarySourceExample-OSX/Info.plist";
				LD_RUNPATH_SEARCH_PATHS = "$(inherited) @executable_path/../Frameworks";
				PRODUCT_BUNDLE_IDENTIFIER = "samwilliams.PrimarySourceExample-OSX";
				PRODUCT_NAME = "$(TARGET_NAME)";
			};
			name = Release;
		};
		22DC48DF1CF64E4100D366DD /* Debug */ = {
			isa = XCBuildConfiguration;
			baseConfigurationReference = FC422C52CE1C2242FEBAD43C /* Pods-PrimarySourceExample-OSXTests.debug.xcconfig */;
			buildSettings = {
				BUNDLE_LOADER = "$(TEST_HOST)";
				COMBINE_HIDPI_IMAGES = YES;
				INFOPLIST_FILE = "PrimarySourceExample-OSXTests/Info.plist";
				LD_RUNPATH_SEARCH_PATHS = "$(inherited) @executable_path/../Frameworks @loader_path/../Frameworks";
				PRODUCT_BUNDLE_IDENTIFIER = "samwilliams.PrimarySourceExample-OSXTests";
				PRODUCT_NAME = "$(TARGET_NAME)";
				TEST_HOST = "$(BUILT_PRODUCTS_DIR)/PrimarySourceExample-OSX.app/Contents/MacOS/PrimarySourceExample-OSX";
			};
			name = Debug;
		};
		22DC48E01CF64E4100D366DD /* Release */ = {
			isa = XCBuildConfiguration;
			baseConfigurationReference = 50423A2626FEC2CCA7428BEB /* Pods-PrimarySourceExample-OSXTests.release.xcconfig */;
			buildSettings = {
				BUNDLE_LOADER = "$(TEST_HOST)";
				COMBINE_HIDPI_IMAGES = YES;
				INFOPLIST_FILE = "PrimarySourceExample-OSXTests/Info.plist";
				LD_RUNPATH_SEARCH_PATHS = "$(inherited) @executable_path/../Frameworks @loader_path/../Frameworks";
				PRODUCT_BUNDLE_IDENTIFIER = "samwilliams.PrimarySourceExample-OSXTests";
				PRODUCT_NAME = "$(TARGET_NAME)";
				TEST_HOST = "$(BUILT_PRODUCTS_DIR)/PrimarySourceExample-OSX.app/Contents/MacOS/PrimarySourceExample-OSX";
			};
			name = Release;
		};
/* End XCBuildConfiguration section */

/* Begin XCConfigurationList section */
		22DC48BC1CF64E4100D366DD /* Build configuration list for PBXProject "PrimarySourceExample-OSX" */ = {
			isa = XCConfigurationList;
			buildConfigurations = (
				22DC48D91CF64E4100D366DD /* Debug */,
				22DC48DA1CF64E4100D366DD /* Release */,
			);
			defaultConfigurationIsVisible = 0;
			defaultConfigurationName = Release;
		};
		22DC48DB1CF64E4100D366DD /* Build configuration list for PBXNativeTarget "PrimarySourceExample-OSX" */ = {
			isa = XCConfigurationList;
			buildConfigurations = (
				22DC48DC1CF64E4100D366DD /* Debug */,
				22DC48DD1CF64E4100D366DD /* Release */,
			);
			defaultConfigurationIsVisible = 0;
			defaultConfigurationName = Release;
		};
		22DC48DE1CF64E4100D366DD /* Build configuration list for PBXNativeTarget "PrimarySourceExample-OSXTests" */ = {
			isa = XCConfigurationList;
			buildConfigurations = (
				22DC48DF1CF64E4100D366DD /* Debug */,
				22DC48E01CF64E4100D366DD /* Release */,
			);
			defaultConfigurationIsVisible = 0;
			defaultConfigurationName = Release;
		};
/* End XCConfigurationList section */
	};
	rootObject = 22DC48B91CF64E4100D366DD /* Project object */;
}
