PODS:
  - MagneticFields (0.6.0)
  - PrimarySource (0.9.11):
    - MagneticFields (~> 0.6.0)

DEPENDENCIES:
  - PrimarySource (from `../`)

EXTERNAL SOURCES:
  PrimarySource:
    :path: "../"

SPEC CHECKSUMS:
  MagneticFields: aa0f010a67b4282f5af11ee9f08fa4b3952815ad
  PrimarySource: 682534091a40f88a16639d3e7c27709d43408664

PODFILE CHECKSUM: 410a794c550cfffbac75c077ba240dea0d02f6e3

COCOAPODS: 1.0.0
