PODS:
  - MagneticFields (0.3.2)
  - PrimarySource (0.4.0):
    - MagneticFields (~> 0.3.0)

DEPENDENCIES:
  - PrimarySource (from `../`)

EXTERNAL SOURCES:
  PrimarySource:
    :path: "../"

SPEC CHECKSUMS:
  MagneticFields: 4a57d53420587deb1b1f778805fe495e76025c4f
  PrimarySource: 6e5499567b97f33de19f0a732b23e8806d08c4e4

COCOAPODS: 0.39.0
